
Microsoft Visual Studio Solution File, Format Version 12.00
# Visual Studio Version 16
VisualStudioVersion = 16.0.30011.22
MinimumVisualStudioVersion = 10.0.40219.1
Project("{FAE04EC0-301F-11D3-BF4B-00C04F79EFBC}") = "AnonymDesktopClient", "AnonymDesktopClient.csproj", "{692FF970-3507-4B25-9AA8-E8AC0384D29B}"
EndProject
Global
	GlobalSection(SolutionConfigurationPlatforms) = preSolution
		Debug|Any CPU = Debug|Any CPU
		Release|Any CPU = Release|Any CPU
	EndGlobalSection
	GlobalSection(ProjectConfigurationPlatforms) = postSolution
		{692FF970-3507-4B25-9AA8-E8AC0384D29B}.Debug|Any CPU.ActiveCfg = Debug|Any CPU
		{692FF970-3507-4B25-9AA8-E8AC0384D29B}.Debug|Any CPU.Build.0 = Debug|Any CPU
		{692FF970-3507-4B25-9AA8-E8AC0384D29B}.Release|Any CPU.ActiveCfg = Release|Any CPU
		{692FF970-3507-4B25-9AA8-E8AC0384D29B}.Release|Any CPU.Build.0 = Release|Any CPU
	EndGlobalSection
	GlobalSection(SolutionProperties) = preSolution
		HideSolutionNode = FALSE
	EndGlobalSection
	GlobalSection(ExtensibilityGlobals) = postSolution
		SolutionGuid = {63ABD5B6-5910-4FC9-B90A-B4A35B21EA14}
	EndGlobalSection
EndGlobal
